# This file was autogenerated by Stack.
# You should not edit this file by hand.
# For more information, please see the documentation at:
#   https://docs.haskellstack.org/en/stable/lock_files

packages:
- completed:
    size: 11187
    url: https://github.com/srid/directory-contents/archive/0d3f1d5c86063232a3ccf081d9be143eb2ff1466.tar.gz
    name: directory-contents
    version: 0.2.0.0
    sha256: b8bbe3c3223040ede634bc94afc0b9500a7c70e236234ee454617e66793fe2a0
    pantry-tree:
      size: 933
      sha256: 68f915862ea2a37f525af1a4bad1e6d133e105d6fcf030522c4d36f911cfadfa
  original:
    url: https://github.com/srid/directory-contents/archive/0d3f1d5c86063232a3ccf081d9be143eb2ff1466.tar.gz
- completed:
    size: 4236
    url: https://github.com/srid/pandoc-link-context/archive/ff8d1de662d4b2d3be0553d93f51a67a1696ced7.tar.gz
    name: pandoc-link-context
    version: 1.0.2.0
    sha256: 1b97ee63d32ebd50ce656ca46aa1f680539bb53e71940a6223d31d8efc7cca00
    pantry-tree:
      size: 982
      sha256: 07b5a220afbc63d433ab09eb2599d4fe6385e58f2eba77979bf09a1e5eb302f2
  original:
    url: https://github.com/srid/pandoc-link-context/archive/ff8d1de662d4b2d3be0553d93f51a67a1696ced7.tar.gz
- completed:
    size: 148356
    url: https://github.com/reflex-frp/reflex/archive/157e8eb314d5bb2adab14852f58e617c7db409d0.tar.gz
    name: reflex
    version: 0.8.0.0
    sha256: 9d981477fed88a45197b942606dc6f7a3c81a15f5d4ba0eb1575c9bc750d1869
    pantry-tree:
      size: 5256
      sha256: a47cdfbe1b322a16635bfca07aa0e9698be3e239db83faef49c8a191a615bc62
  original:
    url: https://github.com/reflex-frp/reflex/archive/157e8eb314d5bb2adab14852f58e617c7db409d0.tar.gz
- completed:
    size: 5652
    url: https://github.com/reflex-frp/reflex-fsnotify/archive/cca674623b797dd423421dec0f1da952a1d1f36d.tar.gz
    name: reflex-fsnotify
    version: 0.2.1.2
    sha256: e97d8a390483a6e016a6c1abf824e48324210a3652e02d99990778c1387ed964
    pantry-tree:
      size: 562
      sha256: a185ea22bf8909dfa4b42eea5fc0f361823a962fbb692028fc7ae5f4151adf05
  original:
    url: https://github.com/reflex-frp/reflex-fsnotify/archive/cca674623b797dd423421dec0f1da952a1d1f36d.tar.gz
- completed:
    size: 7676
    url: https://github.com/srid/reflex-dom-pandoc/archive/63ff62ee9c7f4a8c231db16bb91b858c8a39aebd.tar.gz
    name: reflex-dom-pandoc
    version: 0.7.9.0
    sha256: 528a5c1b24b23e51a93288a890862e6f8e15fca0b1351558c77579b3209354b3
    pantry-tree:
      size: 809
      sha256: 21623fd14fb90c1307be67ff2a2d0e65cb7776e9bdf0409500725345f7192c2b
  original:
    url: https://github.com/srid/reflex-dom-pandoc/archive/63ff62ee9c7f4a8c231db16bb91b858c8a39aebd.tar.gz
- completed:
    size: 86628
    url: https://github.com/levirs565/Shelly.hs/archive/407c070247e1fba5c71d77ce022122727436df0a.tar.gz
    name: shelly
    version: 1.8.1
    sha256: ee10ca79b4b25cdb6464ff78fa76c5d732ad40b2724af759ded84505760aaf5e
    pantry-tree:
      size: 3332
      sha256: 7e2e01c3eae79be5de657b66cf9120ac98bb4c7d757a0af903cf49a622ebc942
  original:
    url: https://github.com/levirs565/Shelly.hs/archive/407c070247e1fba5c71d77ce022122727436df0a.tar.gz
- completed:
    hackage: aeson-gadt-th-0.2.5.0@sha256:58e433e1648237c951f8c1aa78640082ca10ff7b5c2554e6db0c5fec72862514,2009
    pantry-tree:
      size: 445
      sha256: ce2063ed4c314d74cee9122edf59b7400c54d4c1ae1a04be183a7c2b7adf0de8
  original:
    hackage: aeson-gadt-th-0.2.5.0
- completed:
    hackage: ghcjs-dom-jsaddle-0.9.4.0@sha256:31ddfc5ebcbb4811b0c956fd5fcf106643012b46bb4e0bc2f15d09db1d116fbb,39525
    pantry-tree:
      size: 164
      sha256: 3f665a5e70fab961bf236e5c672f497901632785d403024d7bab1785444a0816
  original:
    hackage: ghcjs-dom-jsaddle-0.9.4.0
- completed:
    hackage: constraints-extras-0.3.0.2@sha256:013b8d0392582c6ca068e226718a4fe8be8e22321cc0634f6115505bf377ad26,1853
    pantry-tree:
      size: 594
      sha256: 3ce1012bfb02e4d7def9df19ce80b8cd2b472c691b25b181d9960638673fecd1
  original:
    hackage: constraints-extras-0.3.0.2@sha256:013b8d0392582c6ca068e226718a4fe8be8e22321cc0634f6115505bf377ad26,1853
- completed:
    hackage: dependent-map-0.4.0.0@sha256:ca2b131046f4340a1c35d138c5a003fe4a5be96b14efc26291ed35fd08c62221,1657
    pantry-tree:
      size: 551
      sha256: 5defa30010904d2ad05a036f3eaf83793506717c93cbeb599f40db1a3632cfc5
  original:
    hackage: dependent-map-0.4.0.0@sha256:ca2b131046f4340a1c35d138c5a003fe4a5be96b14efc26291ed35fd08c62221,1657
- completed:
    hackage: dependent-sum-0.7.1.0@sha256:5599aa89637db434431b1dd3fa7c34bc3d565ee44f0519bfbc877be1927c2531,2068
    pantry-tree:
      size: 290
      sha256: 9cbfb32b5a8a782b7a1c941803fd517633cb699159b851c1d82267a9e9391b50
  original:
    hackage: dependent-sum-0.7.1.0@sha256:5599aa89637db434431b1dd3fa7c34bc3d565ee44f0519bfbc877be1927c2531,2068
- completed:
    hackage: dependent-sum-aeson-orphans-0.3.0.0@sha256:b04231a3a7a3d49b499d3f97073547cb0ec068be9669eca1cf5e32c383142bc5,893
    pantry-tree:
      size: 244
      sha256: 7823692756d36dbde716b6ff1d30d745d24be98be758fc6c977fe67608249d62
  original:
    hackage: dependent-sum-aeson-orphans-0.3.0.0@sha256:b04231a3a7a3d49b499d3f97073547cb0ec068be9669eca1cf5e32c383142bc5,893
- completed:
    hackage: dependent-sum-template-0.1.0.3@sha256:0bbbacdfbd3abf2a15aaf0cf2c27e5bdd159b519441fec39e1e6f2f54424adde,1682
    pantry-tree:
      size: 436
      sha256: 32eeadeb991a290a1da41ce7e995dee7d38ebba3bd3e53ea8074c32c086701fd
  original:
    hackage: dependent-sum-template-0.1.0.3@sha256:0bbbacdfbd3abf2a15aaf0cf2c27e5bdd159b519441fec39e1e6f2f54424adde,1682
- completed:
    hackage: ghcjs-dom-0.9.4.0@sha256:c2b3d25145e24b66a8a5078c0d750305b577aeff05957cf282d74f6e8d2424dd,32082
    pantry-tree:
      size: 357
      sha256: de76dd6924d6ad9124e836a0fa66a0338f585acbcbfbffd90e8357d1b6b8fbb4
  original:
    hackage: ghcjs-dom-0.9.4.0@sha256:c2b3d25145e24b66a8a5078c0d750305b577aeff05957cf282d74f6e8d2424dd,32082
- completed:
    hackage: jsaddle-0.9.7.1@sha256:711e48fa92c04d373fc18f058743dd9a53aecd048c851a47c932ff7d9bff2c82,4418
    pantry-tree:
      size: 4329
      sha256: 5d47086288813d1b0387a37c7b4095eaf90b40150913548b2da43f54fce1f74a
  original:
    hackage: jsaddle-0.9.7.1@sha256:711e48fa92c04d373fc18f058743dd9a53aecd048c851a47c932ff7d9bff2c82,4418
- completed:
    hackage: lsp-1.1.1.0@sha256:c8856e5fc71bc9834301731b5ba8786159e1d7e2d2d8ee07aec4f5421f2cf847,5568
    pantry-tree:
      size: 1397
      sha256: c94bd9be1c7c038c25c993985753fc88bc742321119282ecb2c3edf4beb9b599
  original:
    hackage: lsp-1.1.1.0@sha256:c8856e5fc71bc9834301731b5ba8786159e1d7e2d2d8ee07aec4f5421f2cf847,5568
- completed:
    hackage: monoidal-containers-0.6.0.1@sha256:ffdfae0fde7a08e9e314667a78d86454d2d23137d85f226ec6e757c190fb28ad,2583
    pantry-tree:
      size: 569
      sha256: 61d5a73cb768aa4d59db7365418a2fc1bb24b8c3e53ca496372656b6ba4d31ab
  original:
    hackage: monoidal-containers-0.6.0.1@sha256:ffdfae0fde7a08e9e314667a78d86454d2d23137d85f226ec6e757c190fb28ad,2583
- completed:
    hackage: patch-0.0.3.2@sha256:b4d3a60db88a04030392a06076defb9fe310a79577df7ff63ea2bb0298817b8d,2452
    pantry-tree:
      size: 977
      sha256: b9ab71b93cdff84a75c9d251513b4d64a9fea5b89526ecbec60eb9ae04521478
  original:
    hackage: patch-0.0.3.2@sha256:b4d3a60db88a04030392a06076defb9fe310a79577df7ff63ea2bb0298817b8d,2452
- completed:
    hackage: prim-uniq-0.2@sha256:7bfd8a729812bf212610b63459b76a086ecd5ce48f48d785c288e082d055d47b,1403
    pantry-tree:
      size: 464
      sha256: aa27fb2f22141bd9bb474091f811badd9c71c52a1504fb81834aeb28cecff626
  original:
    hackage: prim-uniq-0.2@sha256:7bfd8a729812bf212610b63459b76a086ecd5ce48f48d785c288e082d055d47b,1403
- completed:
    hackage: shower-0.2.0.2@sha256:2c2b1cd25e4330f03ba68631b37d4346bf42644bc8e9a7a819ce605acc72bb34,1473
    pantry-tree:
      size: 2034
      sha256: e076f733749bf052117febc8f8b68500cc35a466534ef011da42833cbf38d29e
  original:
    hackage: shower-0.2.0.2@sha256:2c2b1cd25e4330f03ba68631b37d4346bf42644bc8e9a7a819ce605acc72bb34,1473
- completed:
    hackage: which-0.2@sha256:db82ca7d83d64cce8ad579756f02d27c5bd289806ee02474726f7fafb87318e8,858
    pantry-tree:
      size: 262
      sha256: bef8458bddea924f3162e51fcef66cb3071f73c31d3dbb6d4029b0115af88a54
  original:
    hackage: which-0.2@sha256:db82ca7d83d64cce8ad579756f02d27c5bd289806ee02474726f7fafb87318e8,858
- completed:
    hackage: witherable-0.4.1@sha256:5b4840efe20d16cab6b13fa2f39ed383703cccbc246f5b710591069fcc6884c0,2249
    pantry-tree:
      size: 384
      sha256: 04dcdcc8bbb860ac0a5ead297f03b29a81a06e26d739fca99770388513bc0550
  original:
    hackage: witherable-0.4.1@sha256:5b4840efe20d16cab6b13fa2f39ed383703cccbc246f5b710591069fcc6884c0,2249
- completed:
    hackage: zenc-0.1.1@sha256:e4be3e5e9fe1a1ade05910909c6e5b5a8eff72e697868b03955c9781b0443947,964
    pantry-tree:
      size: 206
      sha256: ac8bdc2a8c4b51c7bfa95802ecbab6879190787c870a9cbe0bfee220b3b2a7fe
  original:
    hackage: zenc-0.1.1@sha256:e4be3e5e9fe1a1ade05910909c6e5b5a8eff72e697868b03955c9781b0443947,964
- completed:
    hackage: indexed-traversable-instances-0.1@sha256:3aaf97040001bbe583e29c2b9c7d41660df265e6565a0d2ac09a3ed5b8bc21be,2874
    pantry-tree:
      size: 427
      sha256: d69630ba4b548b72eed15553586ce7b1e574cd8e4cc5b30d506ab3a697b26502
  original:
    hackage: indexed-traversable-instances-0.1@sha256:3aaf97040001bbe583e29c2b9c7d41660df265e6565a0d2ac09a3ed5b8bc21be,2874
- completed:
    hackage: jsaddle-dom-0.9.4.1@sha256:c769ab7d568c6fa9d0ecc9fa1c83091bfd3277c48e7f109a056cd088f399505f,75700
    pantry-tree:
      size: 48295
      sha256: 8216bbceb63aaed6184b28203347ddc697c6a492346d552d6f0937130bce8b1d
  original:
    hackage: jsaddle-dom-0.9.4.1@sha256:c769ab7d568c6fa9d0ecc9fa1c83091bfd3277c48e7f109a056cd088f399505f,75700
- completed:
    hackage: lsp-types-1.1.0.0@sha256:04af950c0a45034f7f2c0826e853fdbb3e50b7d67bd5ac570d3bc19089e62e46,4359
    pantry-tree:
      size: 3955
      sha256: 19d4aba1fc3b3c7c3568f2161882faedbf6d975f3deca1ec577a94d01188f945
  original:
    hackage: lsp-types-1.1.0.0@sha256:04af950c0a45034f7f2c0826e853fdbb3e50b7d67bd5ac570d3bc19089e62e46,4359
- completed:
    hackage: reflex-dom-core-0.6.1.0@sha256:ab10422cb9d445c5aa589d7acdbebfc937c5a084977818ec2c4855195719b892,7501
    pantry-tree:
      size: 2735
      sha256: 753fde7ceb0d9d8bde9b8f40f1696723f72e2077d0e2bb5d671f05ea9cfd9c79
  original:
    hackage: reflex-dom-core-0.6.1.0@sha256:ab10422cb9d445c5aa589d7acdbebfc937c5a084977818ec2c4855195719b892,7501
snapshots:
- completed:
    size: 565712
    url: https://raw.githubusercontent.com/commercialhaskell/stackage-snapshots/master/lts/17/6.yaml
    sha256: 4e5e581a709c88e3fe26a9ce8bf331435729bead762fb5c190064c6c5bb1b835
  original: lts-17.6
